
Microsoft Visual Studio Solution File, Format Version 12.00
# Visual Studio Version 17
VisualStudioVersion = 17.2.32616.157
MinimumVisualStudioVersion = 10.0.40219.1
Project("{FAE04EC0-301F-11D3-BF4B-00C04F79EFBC}") = "csharp-banca-oop", "csharp-banca-oop.csproj", "{BD2862F3-A632-42FD-AE20-D066F270D32E}"
EndProject
Global
	GlobalSection(SolutionConfigurationPlatforms) = preSolution
		Debug|Any CPU = Debug|Any CPU
		Release|Any CPU = Release|Any CPU
	EndGlobalSection
	GlobalSection(ProjectConfigurationPlatforms) = postSolution
		{BD2862F3-A632-42FD-AE20-D066F270D32E}.Debug|Any CPU.ActiveCfg = Debug|Any CPU
		{BD2862F3-A632-42FD-AE20-D066F270D32E}.Debug|Any CPU.Build.0 = Debug|Any CPU
		{BD2862F3-A632-42FD-AE20-D066F270D32E}.Release|Any CPU.ActiveCfg = Release|Any CPU
		{BD2862F3-A632-42FD-AE20-D066F270D32E}.Release|Any CPU.Build.0 = Release|Any CPU
	EndGlobalSection
	GlobalSection(SolutionProperties) = preSolution
		HideSolutionNode = FALSE
	EndGlobalSection
	GlobalSection(ExtensibilityGlobals) = postSolution
		SolutionGuid = {79C34992-78CC-448D-8866-3939940390DF}
	EndGlobalSection
EndGlobal
